// !$*UTF8*$!
{
	archiveVersion = 1;
	classes = {
	};
	objectVersion = 77;
	objects = {

/* Begin PBXBuildFile section */
		26EEA1102FA81FCC0029CBBC /* Watcher in Frameworks */ = {isa = PBXBuildFile; productRef = 26EEA10F2FA81FCC0029CBBC /* Watcher */; };
/* End PBXBuildFile section */

/* Begin PBXContainerItemProxy section */
		26EEA0782FA5B83B0029CBBC /* PBXContainerItemProxy */ = {
			isa = PBXContainerItemProxy;
			containerPortal = 26EEA0622FA5B8390029CBBC /* Project object */;
			proxyType = 1;
			remoteGlobalIDString = 26EEA0692FA5B8390029CBBC;
			remoteInfo = Issues;
		};
		26EEA0822FA5B83B0029CBBC /* PBXContainerItemProxy */ = {
			isa = PBXContainerItemProxy;
			containerPortal = 26EEA0622FA5B8390029CBBC /* Project object */;
			proxyType = 1;
			remoteGlobalIDString = 26EEA0692FA5B8390029CBBC;
			remoteInfo = Issues;
		};
/* End PBXContainerItemProxy section */

/* Begin PBXFileReference section */
		26EEA06A2FA5B8390029CBBC /* Issues.app */ = {isa = PBXFileReference; explicitFileType = wrapper.application; includeInIndex = 0; path = Issues.app; sourceTree = BUILT_PRODUCTS_DIR; };
		26EEA0772FA5B83B0029CBBC /* IssuesTests.xctest */ = {isa = PBXFileReference; explicitFileType = wrapper.cfbundle; includeInIndex = 0; path = IssuesTests.xctest; sourceTree = BUILT_PRODUCTS_DIR; };
		26EEA0812FA5B83B0029CBBC /* IssuesUITests.xctest */ = {isa = PBXFileReference; explicitFileType = wrapper.cfbundle; includeInIndex = 0; path = IssuesUITests.xctest; sourceTree = BUILT_PRODUCTS_DIR; };
/* End PBXFileReference section */

/* Begin PBXFileSystemSynchronizedRootGroup section */
		26EEA06C2FA5B8390029CBBC /* Issues */ = {
			isa = PBXFileSystemSynchronizedRootGroup;
			path = Issues;
			sourceTree = "<group>";
		};
		26EEA07A2FA5B83B0029CBBC /* IssuesTests */ = {
			isa = PBXFileSystemSynchronizedRootGroup;
			path = IssuesTests;
			sourceTree = "<group>";
		};
		26EEA0842FA5B83B0029CBBC /* IssuesUITests */ = {
			isa = PBXFileSystemSynchronizedRootGroup;
			path = IssuesUITests;
			sourceTree = "<group>";
		};
/* End PBXFileSystemSynchronizedRootGroup section */

/* Begin PBXFrameworksBuildPhase section */
		26EEA0672FA5B8390029CBBC /* Frameworks */ = {
			isa = PBXFrameworksBuildPhase;
			buildActionMask = 2147483647;
			files = (
				26EEA1102FA81FCC0029CBBC /* Watcher in Frameworks */,
			);
			runOnlyForDeploymentPostprocessing = 0;
		};
		26EEA0742FA5B83B0029CBBC /* Frameworks */ = {
			isa = PBXFrameworksBuildPhase;
			buildActionMask = 2147483647;
			files = (
			);
			runOnlyForDeploymentPostprocessing = 0;
		};
		26EEA07E2FA5B83B0029CBBC /* Frameworks */ = {
			isa = PBXFrameworksBuildPhase;
			buildActionMask = 2147483647;
			files = (
			);
			runOnlyForDeploymentPostprocessing = 0;
		};
/* End PBXFrameworksBuildPhase section */

/* Begin PBXGroup section */
		26EEA0612FA5B8390029CBBC = {
			isa = PBXGroup;
			children = (
				26EEA06C2FA5B8390029CBBC /* Issues */,
				26EEA07A2FA5B83B0029CBBC /* IssuesTests */,
				26EEA0842FA5B83B0029CBBC /* IssuesUITests */,
				26EEA06B2FA5B8390029CBBC /* Products */,
			);
			sourceTree = "<group>";
		};
		26EEA06B2FA5B8390029CBBC /* Products */ = {
			isa = PBXGroup;
			children = (
				26EEA06A2FA5B8390029CBBC /* Issues.app */,
				26EEA0772FA5B83B0029CBBC /* IssuesTests.xctest */,
				26EEA0812FA5B83B0029CBBC /* IssuesUITests.xctest */,
			);
			name = Products;
			sourceTree = "<group>";
		};
/* End PBXGroup section */

/* Begin PBXNativeTarget section */
		26EEA0692FA5B8390029CBBC /* Issues */ = {
			isa = PBXNativeTarget;
			buildConfigurationList = 26EEA08B2FA5B83B0029CBBC /* Build configuration list for PBXNativeTarget "Issues" */;
			buildPhases = (
				26EEA0662FA5B8390029CBBC /* Sources */,
				26EEA0672FA5B8390029CBBC /* Frameworks */,
				26EEA0682FA5B8390029CBBC /* Resources */,
			);
			buildRules = (
			);
			dependencies = (
			);
			fileSystemSynchronizedGroups = (
				26EEA06C2FA5B8390029CBBC /* Issues */,
			);
			name = Issues;
			packageProductDependencies = (
				26EEA10F2FA81FCC0029CBBC /* Watcher */,
			);
			productName = Issues;
			productReference = 26EEA06A2FA5B8390029CBBC /* Issues.app */;
			productType = "com.apple.product-type.application";
		};
		26EEA0762FA5B83B0029CBBC /* IssuesTests */ = {
			isa = PBXNativeTarget;
			buildConfigurationList = 26EEA08E2FA5B83B0029CBBC /* Build configuration list for PBXNativeTarget "IssuesTests" */;
			buildPhases = (
				26EEA0732FA5B83B0029CBBC /* Sources */,
				26EEA0742FA5B83B0029CBBC /* Frameworks */,
				26EEA0752FA5B83B0029CBBC /* Resources */,
			);
			buildRules = (
			);
			dependencies = (
				26EEA0792FA5B83B0029CBBC /* PBXTargetDependency */,
			);
			fileSystemSynchronizedGroups = (
				26EEA07A2FA5B83B0029CBBC /* IssuesTests */,
			);
			name = IssuesTests;
			packageProductDependencies = (
			);
			productName = IssuesTests;
			productReference = 26EEA0772FA5B83B0029CBBC /* IssuesTests.xctest */;
			productType = "com.apple.product-type.bundle.unit-test";
		};
		26EEA0802FA5B83B0029CBBC /* IssuesUITests */ = {
			isa = PBXNativeTarget;
			buildConfigurationList = 26EEA0912FA5B83B0029CBBC /* Build configuration list for PBXNativeTarget "IssuesUITests" */;
			buildPhases = (
				26EEA07D2FA5B83B0029CBBC /* Sources */,
				26EEA07E2FA5B83B0029CBBC /* Frameworks */,
				26EEA07F2FA5B83B0029CBBC /* Resources */,
			);
			buildRules = (
			);
			dependencies = (
				26EEA0832FA5B83B0029CBBC /* PBXTargetDependency */,
			);
			fileSystemSynchronizedGroups = (
				26EEA0842FA5B83B0029CBBC /* IssuesUITests */,
			);
			name = IssuesUITests;
			packageProductDependencies = (
			);
			productName = IssuesUITests;
			productReference = 26EEA0812FA5B83B0029CBBC /* IssuesUITests.xctest */;
			productType = "com.apple.product-type.bundle.ui-testing";
		};
/* End PBXNativeTarget section */

/* Begin PBXProject section */
		26EEA0622FA5B8390029CBBC /* Project object */ = {
			isa = PBXProject;
			attributes = {
				BuildIndependentTargetsInParallel = 1;
				LastSwiftUpdateCheck = 2640;
				LastUpgradeCheck = 2640;
				TargetAttributes = {
					26EEA0692FA5B8390029CBBC = {
						CreatedOnToolsVersion = 26.4.1;
					};
					26EEA0762FA5B83B0029CBBC = {
						CreatedOnToolsVersion = 26.4.1;
						TestTargetID = 26EEA0692FA5B8390029CBBC;
					};
					26EEA0802FA5B83B0029CBBC = {
						CreatedOnToolsVersion = 26.4.1;
						TestTargetID = 26EEA0692FA5B8390029CBBC;
					};
				};
			};
			buildConfigurationList = 26EEA0652FA5B8390029CBBC /* Build configuration list for PBXProject "Issues" */;
			developmentRegion = en;
			hasScannedForEncodings = 0;
			knownRegions = (
				en,
				Base,
			);
			mainGroup = 26EEA0612FA5B8390029CBBC;
			minimizedProjectReferenceProxies = 1;
			packageReferences = (
				26EEA10E2FA81FCC0029CBBC /* XCRemoteSwiftPackageReference "Watcher" */,
			);
			preferredProjectObjectVersion = 77;
			productRefGroup = 26EEA06B2FA5B8390029CBBC /* Products */;
			projectDirPath = "";
			projectRoot = "";
			targets = (
				26EEA0692FA5B8390029CBBC /* Issues */,
				26EEA0762FA5B83B0029CBBC /* IssuesTests */,
				26EEA0802FA5B83B0029CBBC /* IssuesUITests */,
			);
		};
/* End PBXProject section */

/* Begin PBXResourcesBuildPhase section */
		26EEA0682FA5B8390029CBBC /* Resources */ = {
			isa = PBXResourcesBuildPhase;
			buildActionMask = 2147483647;
			files = (
			);
			runOnlyForDeploymentPostprocessing = 0;
		};
		26EEA0752FA5B83B0029CBBC /* Resources */ = {
			isa = PBXResourcesBuildPhase;
			buildActionMask = 2147483647;
			files = (
			);
			runOnlyForDeploymentPostprocessing = 0;
		};
		26EEA07F2FA5B83B0029CBBC /* Resources */ = {
			isa = PBXResourcesBuildPhase;
			buildActionMask = 2147483647;
			files = (
			);
			runOnlyForDeploymentPostprocessing = 0;
		};
/* End PBXResourcesBuildPhase section */

/* Begin PBXSourcesBuildPhase section */
		26EEA0662FA5B8390029CBBC /* Sources */ = {
			isa = PBXSourcesBuildPhase;
			buildActionMask = 2147483647;
			files = (
			);
			runOnlyForDeploymentPostprocessing = 0;
		};
		26EEA0732FA5B83B0029CBBC /* Sources */ = {
			isa = PBXSourcesBuildPhase;
			buildActionMask = 2147483647;
			files = (
			);
			runOnlyForDeploymentPostprocessing = 0;
		};
		26EEA07D2FA5B83B0029CBBC /* Sources */ = {
			isa = PBXSourcesBuildPhase;
			buildActionMask = 2147483647;
			files = (
			);
			runOnlyForDeploymentPostprocessing = 0;
		};
/* End PBXSourcesBuildPhase section */

/* Begin PBXTargetDependency section */
		26EEA0792FA5B83B0029CBBC /* PBXTargetDependency */ = {
			isa = PBXTargetDependency;
			target = 26EEA0692FA5B8390029CBBC /* Issues */;
			targetProxy = 26EEA0782FA5B83B0029CBBC /* PBXContainerItemProxy */;
		};
		26EEA0832FA5B83B0029CBBC /* PBXTargetDependency */ = {
			isa = PBXTargetDependency;
			target = 26EEA0692FA5B8390029CBBC /* Issues */;
			targetProxy = 26EEA0822FA5B83B0029CBBC /* PBXContainerItemProxy */;
		};
/* End PBXTargetDependency section */

/* Begin XCBuildConfiguration section */
		26EEA0892FA5B83B0029CBBC /* Debug */ = {
			isa = XCBuildConfiguration;
			buildSettings = {
				ALWAYS_SEARCH_USER_PATHS = NO;
				ASSETCATALOG_COMPILER_GENERATE_SWIFT_ASSET_SYMBOL_EXTENSIONS = YES;
				CLANG_ANALYZER_NONNULL = YES;
				CLANG_ANALYZER_NUMBER_OBJECT_CONVERSION = YES_AGGRESSIVE;
				CLANG_CXX_LANGUAGE_STANDARD = "gnu++20";
				CLANG_ENABLE_MODULES = YES;
				CLANG_ENABLE_OBJC_ARC = YES;
				CLANG_ENABLE_OBJC_WEAK = YES;
				CLANG_WARN_BLOCK_CAPTURE_AUTORELEASING = YES;
				CLANG_WARN_BOOL_CONVERSION = YES;
				CLANG_WARN_COMMA = YES;
				CLANG_WARN_CONSTANT_CONVERSION = YES;
				CLANG_WARN_DEPRECATED_OBJC_IMPLEMENTATIONS = YES;
				CLANG_WARN_DIRECT_OBJC_ISA_USAGE = YES_ERROR;
				CLANG_WARN_DOCUMENTATION_COMMENTS = YES;
				CLANG_WARN_EMPTY_BODY = YES;
				CLANG_WARN_ENUM_CONVERSION = YES;
				CLANG_WARN_INFINITE_RECURSION = YES;
				CLANG_WARN_INT_CONVERSION = YES;
				CLANG_WARN_NON_LITERAL_NULL_CONVERSION = YES;
				CLANG_WARN_OBJC_IMPLICIT_RETAIN_SELF = YES;
				CLANG_WARN_OBJC_LITERAL_CONVERSION = YES;
				CLANG_WARN_OBJC_ROOT_CLASS = YES_ERROR;
				CLANG_WARN_QUOTED_INCLUDE_IN_FRAMEWORK_HEADER = YES;
				CLANG_WARN_RANGE_LOOP_ANALYSIS = YES;
				CLANG_WARN_STRICT_PROTOTYPES = YES;
				CLANG_WARN_SUSPICIOUS_MOVE = YES;
				CLANG_WARN_UNGUARDED_AVAILABILITY = YES_AGGRESSIVE;
				CLANG_WARN_UNREACHABLE_CODE = YES;
				CLANG_WARN__DUPLICATE_METHOD_MATCH = YES;
				COPY_PHASE_STRIP = NO;
				DEBUG_INFORMATION_FORMAT = dwarf;
				DEVELOPMENT_TEAM = XV8BAAVZ6V;
				ENABLE_STRICT_OBJC_MSGSEND = YES;
				ENABLE_TESTABILITY = YES;
				ENABLE_USER_SCRIPT_SANDBOXING = YES;
				GCC_C_LANGUAGE_STANDARD = gnu17;
				GCC_DYNAMIC_NO_PIC = NO;
				GCC_NO_COMMON_BLOCKS = YES;
				GCC_OPTIMIZATION_LEVEL = 0;
				GCC_PREPROCESSOR_DEFINITIONS = (
					"DEBUG=1",
					"$(inherited)",
				);
				GCC_WARN_64_TO_32_BIT_CONVERSION = YES;
				GCC_WARN_ABOUT_RETURN_TYPE = YES_ERROR;
				GCC_WARN_UNDECLARED_SELECTOR = YES;
				GCC_WARN_UNINITIALIZED_AUTOS = YES_AGGRESSIVE;
				GCC_WARN_UNUSED_FUNCTION = YES;
				GCC_WARN_UNUSED_VARIABLE = YES;
				LOCALIZATION_PREFERS_STRING_CATALOGS = YES;
				MACOSX_DEPLOYMENT_TARGET = 26.4;
				MTL_ENABLE_DEBUG_INFO = INCLUDE_SOURCE;
				MTL_FAST_MATH = YES;
				ONLY_ACTIVE_ARCH = YES;
				SDKROOT = macosx;
				SWIFT_ACTIVE_COMPILATION_CONDITIONS = "DEBUG $(inherited)";
				SWIFT_OPTIMIZATION_LEVEL = "-Onone";
			};
			name = Debug;
		};
		26EEA08A2FA5B83B0029CBBC /* Release */ = {
			isa = XCBuildConfiguration;
			buildSettings = {
				ALWAYS_SEARCH_USER_PATHS = NO;
				ASSETCATALOG_COMPILER_GENERATE_SWIFT_ASSET_SYMBOL_EXTENSIONS = YES;
				CLANG_ANALYZER_NONNULL = YES;
				CLANG_ANALYZER_NUMBER_OBJECT_CONVERSION = YES_AGGRESSIVE;
				CLANG_CXX_LANGUAGE_STANDARD = "gnu++20";
				CLANG_ENABLE_MODULES = YES;
				CLANG_ENABLE_OBJC_ARC = YES;
				CLANG_ENABLE_OBJC_WEAK = YES;
				CLANG_WARN_BLOCK_CAPTURE_AUTORELEASING = YES;
				CLANG_WARN_BOOL_CONVERSION = YES;
				CLANG_WARN_COMMA = YES;
				CLANG_WARN_CONSTANT_CONVERSION = YES;
				CLANG_WARN_DEPRECATED_OBJC_IMPLEMENTATIONS = YES;
				CLANG_WARN_DIRECT_OBJC_ISA_USAGE = YES_ERROR;
				CLANG_WARN_DOCUMENTATION_COMMENTS = YES;
				CLANG_WARN_EMPTY_BODY = YES;
				CLANG_WARN_ENUM_CONVERSION = YES;
				CLANG_WARN_INFINITE_RECURSION = YES;
				CLANG_WARN_INT_CONVERSION = YES;
				CLANG_WARN_NON_LITERAL_NULL_CONVERSION = YES;
				CLANG_WARN_OBJC_IMPLICIT_RETAIN_SELF = YES;
				CLANG_WARN_OBJC_LITERAL_CONVERSION = YES;
				CLANG_WARN_OBJC_ROOT_CLASS = YES_ERROR;
				CLANG_WARN_QUOTED_INCLUDE_IN_FRAMEWORK_HEADER = YES;
				CLANG_WARN_RANGE_LOOP_ANALYSIS = YES;
				CLANG_WARN_STRICT_PROTOTYPES = YES;
				CLANG_WARN_SUSPICIOUS_MOVE = YES;
				CLANG_WARN_UNGUARDED_AVAILABILITY = YES_AGGRESSIVE;
				CLANG_WARN_UNREACHABLE_CODE = YES;
				CLANG_WARN__DUPLICATE_METHOD_MATCH = YES;
				COPY_PHASE_STRIP = NO;
				DEBUG_INFORMATION_FORMAT = "dwarf-with-dsym";
				DEVELOPMENT_TEAM = XV8BAAVZ6V;
				ENABLE_NS_ASSERTIONS = NO;
				ENABLE_STRICT_OBJC_MSGSEND = YES;
				ENABLE_USER_SCRIPT_SANDBOXING = YES;
				GCC_C_LANGUAGE_STANDARD = gnu17;
				GCC_NO_COMMON_BLOCKS = YES;
				GCC_WARN_64_TO_32_BIT_CONVERSION = YES;
				GCC_WARN_ABOUT_RETURN_TYPE = YES_ERROR;
				GCC_WARN_UNDECLARED_SELECTOR = YES;
				GCC_WARN_UNINITIALIZED_AUTOS = YES_AGGRESSIVE;
				GCC_WARN_UNUSED_FUNCTION = YES;
				GCC_WARN_UNUSED_VARIABLE = YES;
				LOCALIZATION_PREFERS_STRING_CATALOGS = YES;
				MACOSX_DEPLOYMENT_TARGET = 26.4;
				MTL_ENABLE_DEBUG_INFO = NO;
				MTL_FAST_MATH = YES;
				SDKROOT = macosx;
				SWIFT_COMPILATION_MODE = wholemodule;
			};
			name = Release;
		};
		26EEA08C2FA5B83B0029CBBC /* Debug */ = {
			isa = XCBuildConfiguration;
			buildSettings = {
				ASSETCATALOG_COMPILER_APPICON_NAME = AppIcon;
				ASSETCATALOG_COMPILER_GLOBAL_ACCENT_COLOR_NAME = AccentColor;
				CODE_SIGN_ENTITLEMENTS = Issues/Issues.entitlements;
				CODE_SIGN_STYLE = Automatic;
				COMBINE_HIDPI_IMAGES = YES;
				CURRENT_PROJECT_VERSION = 1;
				DEVELOPMENT_TEAM = XV8BAAVZ6V;
				ENABLE_APP_SANDBOX = YES;
				ENABLE_HARDENED_RUNTIME = YES;
				ENABLE_PREVIEWS = YES;
				ENABLE_USER_SELECTED_FILES = readonly;
				GENERATE_INFOPLIST_FILE = YES;
				INFOPLIST_KEY_NSHumanReadableCopyright = "";
				LD_RUNPATH_SEARCH_PATHS = (
					"$(inherited)",
					"@executable_path/../Frameworks",
				);
				MARKETING_VERSION = 1.0;
				PRODUCT_BUNDLE_IDENTIFIER = co.sstools.Issues;
				PRODUCT_NAME = "$(TARGET_NAME)";
				STRING_CATALOG_GENERATE_SYMBOLS = YES;
				SWIFT_APPROACHABLE_CONCURRENCY = YES;
				SWIFT_DEFAULT_ACTOR_ISOLATION = MainActor;
				SWIFT_EMIT_LOC_STRINGS = YES;
				SWIFT_UPCOMING_FEATURE_MEMBER_IMPORT_VISIBILITY = YES;
				SWIFT_VERSION = 5.0;
			};
			name = Debug;
		};
		26EEA08D2FA5B83B0029CBBC /* Release */ = {
			isa = XCBuildConfiguration;
			buildSettings = {
				ASSETCATALOG_COMPILER_APPICON_NAME = AppIcon;
				ASSETCATALOG_COMPILER_GLOBAL_ACCENT_COLOR_NAME = AccentColor;
				CODE_SIGN_ENTITLEMENTS = Issues/Issues.entitlements;
				CODE_SIGN_STYLE = Automatic;
				COMBINE_HIDPI_IMAGES = YES;
				CURRENT_PROJECT_VERSION = 1;
				DEVELOPMENT_TEAM = XV8BAAVZ6V;
				ENABLE_APP_SANDBOX = YES;
				ENABLE_HARDENED_RUNTIME = YES;
				ENABLE_PREVIEWS = YES;
				ENABLE_USER_SELECTED_FILES = readonly;
				GENERATE_INFOPLIST_FILE = YES;
				INFOPLIST_KEY_NSHumanReadableCopyright = "";
				LD_RUNPATH_SEARCH_PATHS = (
					"$(inherited)",
					"@executable_path/../Frameworks",
				);
				MARKETING_VERSION = 1.0;
				PRODUCT_BUNDLE_IDENTIFIER = co.sstools.Issues;
				PRODUCT_NAME = "$(TARGET_NAME)";
				STRING_CATALOG_GENERATE_SYMBOLS = YES;
				SWIFT_APPROACHABLE_CONCURRENCY = YES;
				SWIFT_DEFAULT_ACTOR_ISOLATION = MainActor;
				SWIFT_EMIT_LOC_STRINGS = YES;
				SWIFT_UPCOMING_FEATURE_MEMBER_IMPORT_VISIBILITY = YES;
				SWIFT_VERSION = 5.0;
			};
			name = Release;
		};
		26EEA08F2FA5B83B0029CBBC /* Debug */ = {
			isa = XCBuildConfiguration;
			buildSettings = {
				BUNDLE_LOADER = "$(TEST_HOST)";
				CODE_SIGN_STYLE = Automatic;
				CURRENT_PROJECT_VERSION = 1;
				DEVELOPMENT_TEAM = XV8BAAVZ6V;
				GENERATE_INFOPLIST_FILE = YES;
				MACOSX_DEPLOYMENT_TARGET = 26.4;
				MARKETING_VERSION = 1.0;
				PRODUCT_BUNDLE_IDENTIFIER = co.sstools.IssuesTests;
				PRODUCT_NAME = "$(TARGET_NAME)";
				STRING_CATALOG_GENERATE_SYMBOLS = NO;
				SWIFT_APPROACHABLE_CONCURRENCY = YES;
				SWIFT_EMIT_LOC_STRINGS = NO;
				SWIFT_UPCOMING_FEATURE_MEMBER_IMPORT_VISIBILITY = YES;
				SWIFT_VERSION = 5.0;
				TEST_HOST = "$(BUILT_PRODUCTS_DIR)/Issues.app/$(BUNDLE_EXECUTABLE_FOLDER_PATH)/Issues";
			};
			name = Debug;
		};
		26EEA0902FA5B83B0029CBBC /* Release */ = {
			isa = XCBuildConfiguration;
			buildSettings = {
				BUNDLE_LOADER = "$(TEST_HOST)";
				CODE_SIGN_STYLE = Automatic;
				CURRENT_PROJECT_VERSION = 1;
				DEVELOPMENT_TEAM = XV8BAAVZ6V;
				GENERATE_INFOPLIST_FILE = YES;
				MACOSX_DEPLOYMENT_TARGET = 26.4;
				MARKETING_VERSION = 1.0;
				PRODUCT_BUNDLE_IDENTIFIER = co.sstools.IssuesTests;
				PRODUCT_NAME = "$(TARGET_NAME)";
				STRING_CATALOG_GENERATE_SYMBOLS = NO;
				SWIFT_APPROACHABLE_CONCURRENCY = YES;
				SWIFT_EMIT_LOC_STRINGS = NO;
				SWIFT_UPCOMING_FEATURE_MEMBER_IMPORT_VISIBILITY = YES;
				SWIFT_VERSION = 5.0;
				TEST_HOST = "$(BUILT_PRODUCTS_DIR)/Issues.app/$(BUNDLE_EXECUTABLE_FOLDER_PATH)/Issues";
			};
			name = Release;
		};
		26EEA0922FA5B83B0029CBBC /* Debug */ = {
			isa = XCBuildConfiguration;
			buildSettings = {
				CODE_SIGN_STYLE = Automatic;
				CURRENT_PROJECT_VERSION = 1;
				DEVELOPMENT_TEAM = XV8BAAVZ6V;
				GENERATE_INFOPLIST_FILE = YES;
				MARKETING_VERSION = 1.0;
				PRODUCT_BUNDLE_IDENTIFIER = co.sstools.IssuesUITests;
				PRODUCT_NAME = "$(TARGET_NAME)";
				STRING_CATALOG_GENERATE_SYMBOLS = NO;
				SWIFT_APPROACHABLE_CONCURRENCY = YES;
				SWIFT_EMIT_LOC_STRINGS = NO;
				SWIFT_UPCOMING_FEATURE_MEMBER_IMPORT_VISIBILITY = YES;
				SWIFT_VERSION = 5.0;
				TEST_TARGET_NAME = Issues;
			};
			name = Debug;
		};
		26EEA0932FA5B83B0029CBBC /* Release */ = {
			isa = XCBuildConfiguration;
			buildSettings = {
				CODE_SIGN_STYLE = Automatic;
				CURRENT_PROJECT_VERSION = 1;
				DEVELOPMENT_TEAM = XV8BAAVZ6V;
				GENERATE_INFOPLIST_FILE = YES;
				MARKETING_VERSION = 1.0;
				PRODUCT_BUNDLE_IDENTIFIER = co.sstools.IssuesUITests;
				PRODUCT_NAME = "$(TARGET_NAME)";
				STRING_CATALOG_GENERATE_SYMBOLS = NO;
				SWIFT_APPROACHABLE_CONCURRENCY = YES;
				SWIFT_EMIT_LOC_STRINGS = NO;
				SWIFT_UPCOMING_FEATURE_MEMBER_IMPORT_VISIBILITY = YES;
				SWIFT_VERSION = 5.0;
				TEST_TARGET_NAME = Issues;
			};
			name = Release;
		};
/* End XCBuildConfiguration section */

/* Begin XCConfigurationList section */
		26EEA0652FA5B8390029CBBC /* Build configuration list for PBXProject "Issues" */ = {
			isa = XCConfigurationList;
			buildConfigurations = (
				26EEA0892FA5B83B0029CBBC /* Debug */,
				26EEA08A2FA5B83B0029CBBC /* Release */,
			);
			defaultConfigurationIsVisible = 0;
			defaultConfigurationName = Release;
		};
		26EEA08B2FA5B83B0029CBBC /* Build configuration list for PBXNativeTarget "Issues" */ = {
			isa = XCConfigurationList;
			buildConfigurations = (
				26EEA08C2FA5B83B0029CBBC /* Debug */,
				26EEA08D2FA5B83B0029CBBC /* Release */,
			);
			defaultConfigurationIsVisible = 0;
			defaultConfigurationName = Release;
		};
		26EEA08E2FA5B83B0029CBBC /* Build configuration list for PBXNativeTarget "IssuesTests" */ = {
			isa = XCConfigurationList;
			buildConfigurations = (
				26EEA08F2FA5B83B0029CBBC /* Debug */,
				26EEA0902FA5B83B0029CBBC /* Release */,
			);
			defaultConfigurationIsVisible = 0;
			defaultConfigurationName = Release;
		};
		26EEA0912FA5B83B0029CBBC /* Build configuration list for PBXNativeTarget "IssuesUITests" */ = {
			isa = XCConfigurationList;
			buildConfigurations = (
				26EEA0922FA5B83B0029CBBC /* Debug */,
				26EEA0932FA5B83B0029CBBC /* Release */,
			);
			defaultConfigurationIsVisible = 0;
			defaultConfigurationName = Release;
		};
/* End XCConfigurationList section */

/* Begin XCRemoteSwiftPackageReference section */
		26EEA10E2FA81FCC0029CBBC /* XCRemoteSwiftPackageReference "Watcher" */ = {
			isa = XCRemoteSwiftPackageReference;
			repositoryURL = "git@github.com:brennanMKE/Watcher.git";
			requirement = {
				branch = main;
				kind = branch;
			};
		};
/* End XCRemoteSwiftPackageReference section */

/* Begin XCSwiftPackageProductDependency section */
		26EEA10F2FA81FCC0029CBBC /* Watcher */ = {
			isa = XCSwiftPackageProductDependency;
			package = 26EEA10E2FA81FCC0029CBBC /* XCRemoteSwiftPackageReference "Watcher" */;
			productName = Watcher;
		};
/* End XCSwiftPackageProductDependency section */
	};
	rootObject = 26EEA0622FA5B8390029CBBC /* Project object */;
}
